lockfileVersion: '9.0'

settings:
  autoInstallPeers: true
  excludeLinksFromLockfile: false

importers:

  .:
    dependencies:
      '@tauri-apps/plugin-global-shortcut':
        specifier: ~2.3.2
        version: 2.3.2

packages:

  '@tauri-apps/api@2.11.1':
    resolution: {integrity: sha512-M2FPuYND2m+wh5hfW9ZpSdxMPdEJovPBWwoHJmwUpysTYNHaOkVFN419m/K0LIgjb/7KU2vBgsUepJWugQCvAA==}

  '@tauri-apps/plugin-global-shortcut@2.3.2':
    resolution: {integrity: sha512-UReHNXrLvpEjylE4jb4oCYiy96uRykPUthoCQCmRXYrd5hs5X9DrW+qOn7GLW57EJN4tdK8bgK5twBTz2NOxzA==}

snapshots:

  '@tauri-apps/api@2.11.1': {}

  '@tauri-apps/plugin-global-shortcut@2.3.2':
    dependencies:
      '@tauri-apps/api': 2.11.1
